%{
  "mime": {:hex, :mime, "1.5.0", "203ef35ef3389aae6d361918bf3f952fa17a09e8e43b5aa592b93eba05d0fb8d", [:mix], [], "hexpm", "55a94c0f552249fc1a3dd9cd2d3ab9de9d3c89b559c2bd01121f824834f24746"},
  "msgpax": {:hex, :msgpax, "2.0.0", "5f60d2e03b1f7a90da7620ad52d386dbd173490429d53d70c3d33630aebf3e9f", [:mix], [{:plug, "~> 1.0", [hex: :plug, repo: "hexpm", optional: true]}], "hexpm", "2c4c7a075c59c91706112efc74817f1c8741c595178052c9715f410cf460517e"},
  "pkcs7": {:hex, :pkcs7, "1.0.2", "cd9d50177bfbd3fd80e8bc79d2941d3b2968b64bd1151ef3e54d8c4b2605ed7e", [:mix], [], "hexpm", "0e4faa65411e204b7952712d58f657335109ecbb24cf79163dc96458ba8d6518"},
  "plug": {:hex, :plug, "1.11.0", "f17217525597628298998bc3baed9f8ea1fa3f1160aa9871aee6df47a6e4d38e", [:mix], [{:mime, "~> 1.0", [hex: :mime, repo: "hexpm", optional: false]}, {:plug_crypto, "~> 1.1.1 or ~> 1.2", [hex: :plug_crypto, repo: "hexpm", optional: false]}, {:telemetry, "~> 0.4", [hex: :telemetry, repo: "hexpm", optional: false]}], "hexpm", "2d9c633f0499f9dc5c2fd069161af4e2e7756890b81adcbb2ceaa074e8308876"},
  "plug_crypto": {:hex, :plug_crypto, "1.2.0", "1cb20793aa63a6c619dd18bb33d7a3aa94818e5fd39ad357051a67f26dfa2df6", [:mix], [], "hexpm", "a48b538ae8bf381ffac344520755f3007cc10bd8e90b240af98ea29b69683fc2"},
  "secret": {:hex, :secret, "0.2.0", "2075aca2a2afcd8982c016b5c3ce4a2cdcc5ed30a8a522bc96710193a7c322fb", [:mix], [{:simple_secrets, "~> 1.0", [hex: :simple_secrets, repo: "hexpm", optional: false]}], "hexpm", "c08c34d6c05d7c2038405d224e9664bddf3d009cd2feb7eb8557a7a873c98811"},
  "simple_secrets": {:hex, :simple_secrets, "1.0.1", "cbbe75274ac6b3f671c0be88a0147cf684e39f7b06ed83d35ceffc85fc4d3bff", [:mix], [{:msgpax, "~> 2.0.0", [hex: :msgpax, repo: "hexpm", optional: false]}, {:pkcs7, "~> 1.0.2", [hex: :pkcs7, repo: "hexpm", optional: false]}], "hexpm", "650986c1bd8edf8a91c82871492add462f921e06dffa10b25d3b26c6786ffdf4"},
  "telemetry": {:hex, :telemetry, "0.4.2", "2808c992455e08d6177322f14d3bdb6b625fbcfd233a73505870d8738a2f4599", [:rebar3], [], "hexpm", "2d1419bd9dda6a206d7b5852179511722e2b18812310d304620c7bd92a13fcef"},
}
